// !$*UTF8*$!
{
	archiveVersion = 1;
	classes = {
	};
	objectVersion = 50;
	objects = {

/* Begin PBXBuildFile section */
		AFF3CF6F217DDB8900FAF1BF /* AppDelegate.swift in Sources */ = {isa = PBXBuildFile; fileRef = AFF3CF6E217DDB8900FAF1BF /* AppDelegate.swift */; };
		AFF3CF71217DDB8900FAF1BF /* ViewController.swift in Sources */ = {isa = PBXBuildFile; fileRef = AFF3CF70217DDB8900FAF1BF /* ViewController.swift */; };
		AFF3CF74217DDB8900FAF1BF /* Main.storyboard in Resources */ = {isa = PBXBuildFile; fileRef = AFF3CF72217DDB8900FAF1BF /* Main.storyboard */; };
		AFF3CF76217DDB8B00FAF1BF /* Assets.xcassets in Resources */ = {isa = PBXBuildFile; fileRef = AFF3CF75217DDB8B00FAF1BF /* Assets.xcassets */; };
		AFF3CF79217DDB8B00FAF1BF /* LaunchScreen.storyboard in Resources */ = {isa = PBXBuildFile; fileRef = AFF3CF77217DDB8B00FAF1BF /* LaunchScreen.storyboard */; };
		AFF3CF81217DDD3000FAF1BF /* TableViewController2.swift in Sources */ = {isa = PBXBuildFile; fileRef = AFF3CF80217DDD3000FAF1BF /* TableViewController2.swift */; };
		AFF3CF83217F01EC00FAF1BF /* TableViewController1.swift in Sources */ = {isa = PBXBuildFile; fileRef = AFF3CF82217F01EC00FAF1BF /* TableViewController1.swift */; };
/* End PBXBuildFile section */

/* Begin PBXFileReference section */
		AFF3CF6B217DDB8900FAF1BF /* CreateListApp.app */ = {isa = PBXFileReference; explicitFileType = wrapper.application; includeInIndex = 0; path = CreateListApp.app; sourceTree = BUILT_PRODUCTS_DIR; };
		AFF3CF6E217DDB8900FAF1BF /* AppDelegate.swift */ = {isa = PBXFileReference; lastKnownFileType = sourcecode.swift; path = AppDelegate.swift; sourceTree = "<group>"; };
		AFF3CF70217DDB8900FAF1BF /* ViewController.swift */ = {isa = PBXFileReference; lastKnownFileType = sourcecode.swift; path = ViewController.swift; sourceTree = "<group>"; };
		AFF3CF73217DDB8900FAF1BF /* Base */ = {isa = PBXFileReference; lastKnownFileType = file.storyboard; name = Base; path = Base.lproj/Main.storyboard; sourceTree = "<group>"; };
		AFF3CF75217DDB8B00FAF1BF /* Assets.xcassets */ = {isa = PBXFileReference; lastKnownFileType = folder.assetcatalog; path = Assets.xcassets; sourceTree = "<group>"; };
		AFF3CF78217DDB8B00FAF1BF /* Base */ = {isa = PBXFileReference; lastKnownFileType = file.storyboard; name = Base; path = Base.lproj/LaunchScreen.storyboard; sourceTree = "<group>"; };
		AFF3CF7A217DDB8B00FAF1BF /* Info.plist */ = {isa = PBXFileReference; lastKnownFileType = text.plist.xml; path = Info.plist; sourceTree = "<group>"; };
		AFF3CF80217DDD3000FAF1BF /* TableViewController2.swift */ = {isa = PBXFileReference; lastKnownFileType = sourcecode.swift; path = TableViewController2.swift; sourceTree = "<group>"; };
		AFF3CF82217F01EC00FAF1BF /* TableViewController1.swift */ = {isa = PBXFileReference; lastKnownFileType = sourcecode.swift; path = TableViewController1.swift; sourceTree = "<group>"; };
/* End PBXFileReference section */

/* Begin PBXFrameworksBuildPhase section */
		AFF3CF68217DDB8900FAF1BF /* Frameworks */ = {
			isa = PBXFrameworksBuildPhase;
			buildActionMask = 2147483647;
			files = (
			);
			runOnlyForDeploymentPostprocessing = 0;
		};
/* End PBXFrameworksBuildPhase section */

/* Begin PBXGroup section */
		AFF3CF62217DDB8900FAF1BF = {
			isa = PBXGroup;
			children = (
				AFF3CF6D217DDB8900FAF1BF /* CreateListApp */,
				AFF3CF6C217DDB8900FAF1BF /* Products */,
			);
			sourceTree = "<group>";
		};
		AFF3CF6C217DDB8900FAF1BF /* Products */ = {
			isa = PBXGroup;
			children = (
				AFF3CF6B217DDB8900FAF1BF /* CreateListApp.app */,
			);
			name = Products;
			sourceTree = "<group>";
		};
		AFF3CF6D217DDB8900FAF1BF /* CreateListApp */ = {
			isa = PBXGroup;
			children = (
				AFF3CF6E217DDB8900FAF1BF /* AppDelegate.swift */,
				AFF3CF70217DDB8900FAF1BF /* ViewController.swift */,
				AFF3CF72217DDB8900FAF1BF /* Main.storyboard */,
				AFF3CF75217DDB8B00FAF1BF /* Assets.xcassets */,
				AFF3CF77217DDB8B00FAF1BF /* LaunchScreen.storyboard */,
				AFF3CF7A217DDB8B00FAF1BF /* Info.plist */,
				AFF3CF80217DDD3000FAF1BF /* TableViewController2.swift */,
				AFF3CF82217F01EC00FAF1BF /* TableViewController1.swift */,
			);
			path = CreateListApp;
			sourceTree = "<group>";
		};
/* End PBXGroup section */

/* Begin PBXNativeTarget section */
		AFF3CF6A217DDB8900FAF1BF /* CreateListApp */ = {
			isa = PBXNativeTarget;
			buildConfigurationList = AFF3CF7D217DDB8B00FAF1BF /* Build configuration list for PBXNativeTarget "CreateListApp" */;
			buildPhases = (
				AFF3CF67217DDB8900FAF1BF /* Sources */,
				AFF3CF68217DDB8900FAF1BF /* Frameworks */,
				AFF3CF69217DDB8900FAF1BF /* Resources */,
			);
			buildRules = (
			);
			dependencies = (
			);
			name = CreateListApp;
			productName = CreateListApp;
			productReference = AFF3CF6B217DDB8900FAF1BF /* CreateListApp.app */;
			productType = "com.apple.product-type.application";
		};
/* End PBXNativeTarget section */

/* Begin PBXProject section */
		AFF3CF63217DDB8900FAF1BF /* Project object */ = {
			isa = PBXProject;
			attributes = {
				LastSwiftUpdateCheck = 1000;
				LastUpgradeCheck = 1000;
				ORGANIZATIONNAME = "工藤 響";
				TargetAttributes = {
					AFF3CF6A217DDB8900FAF1BF = {
						CreatedOnToolsVersion = 10.0;
					};
				};
			};
			buildConfigurationList = AFF3CF66217DDB8900FAF1BF /* Build configuration list for PBXProject "CreateListApp" */;
			compatibilityVersion = "Xcode 9.3";
			developmentRegion = en;
			hasScannedForEncodings = 0;
			knownRegions = (
				en,
				Base,
			);
			mainGroup = AFF3CF62217DDB8900FAF1BF;
			productRefGroup = AFF3CF6C217DDB8900FAF1BF /* Products */;
			projectDirPath = "";
			projectRoot = "";
			targets = (
				AFF3CF6A217DDB8900FAF1BF /* CreateListApp */,
			);
		};
/* End PBXProject section */

/* Begin PBXResourcesBuildPhase section */
		AFF3CF69217DDB8900FAF1BF /* Resources */ = {
			isa = PBXResourcesBuildPhase;
			buildActionMask = 2147483647;
			files = (
				AFF3CF79217DDB8B00FAF1BF /* LaunchScreen.storyboard in Resources */,
				AFF3CF76217DDB8B00FAF1BF /* Assets.xcassets in Resources */,
				AFF3CF74217DDB8900FAF1BF /* Main.storyboard in Resources */,
			);
			runOnlyForDeploymentPostprocessing = 0;
		};
/* End PBXResourcesBuildPhase section */

/* Begin PBXSourcesBuildPhase section */
		AFF3CF67217DDB8900FAF1BF /* Sources */ = {
			isa = PBXSourcesBuildPhase;
			buildActionMask = 2147483647;
			files = (
				AFF3CF71217DDB8900FAF1BF /* ViewController.swift in Sources */,
				AFF3CF83217F01EC00FAF1BF /* TableViewController1.swift in Sources */,
				AFF3CF81217DDD3000FAF1BF /* TableViewController2.swift in Sources */,
				AFF3CF6F217DDB8900FAF1BF /* AppDelegate.swift in Sources */,
			);
			runOnlyForDeploymentPostprocessing = 0;
		};
/* End PBXSourcesBuildPhase section */

/* Begin PBXVariantGroup section */
		AFF3CF72217DDB8900FAF1BF /* Main.storyboard */ = {
			isa = PBXVariantGroup;
			children = (
				AFF3CF73217DDB8900FAF1BF /* Base */,
			);
			name = Main.storyboard;
			sourceTree = "<group>";
		};
		AFF3CF77217DDB8B00FAF1BF /* LaunchScreen.storyboard */ = {
			isa = PBXVariantGroup;
			children = (
				AFF3CF78217DDB8B00FAF1BF /* Base */,
			);
			name = LaunchScreen.storyboard;
			sourceTree = "<group>";
		};
/* End PBXVariantGroup section */

/* Begin XCBuildConfiguration section */
		AFF3CF7B217DDB8B00FAF1BF /* Debug */ = {
			isa = XCBuildConfiguration;
			buildSettings = {
				ALWAYS_SEARCH_USER_PATHS = NO;
				CLANG_ANALYZER_NONNULL = YES;
				CLANG_ANALYZER_NUMBER_OBJECT_CONVERSION = YES_AGGRESSIVE;
				CLANG_CXX_LANGUAGE_STANDARD = "gnu++14";
				CLANG_CXX_LIBRARY = "libc++";
				CLANG_ENABLE_MODULES = YES;
				CLANG_ENABLE_OBJC_ARC = YES;
				CLANG_ENABLE_OBJC_WEAK = YES;
				CLANG_WARN_BLOCK_CAPTURE_AUTORELEASING = YES;
				CLANG_WARN_BOOL_CONVERSION = YES;
				CLANG_WARN_COMMA = YES;
				CLANG_WARN_CONSTANT_CONVERSION = YES;
				CLANG_WARN_DEPRECATED_OBJC_IMPLEMENTATIONS = YES;
				CLANG_WARN_DIRECT_OBJC_ISA_USAGE = YES_ERROR;
				CLANG_WARN_DOCUMENTATION_COMMENTS = YES;
				CLANG_WARN_EMPTY_BODY = YES;
				CLANG_WARN_ENUM_CONVERSION = YES;
				CLANG_WARN_INFINITE_RECURSION = YES;
				CLANG_WARN_INT_CONVERSION = YES;
				CLANG_WARN_NON_LITERAL_NULL_CONVERSION = YES;
				CLANG_WARN_OBJC_IMPLICIT_RETAIN_SELF = YES;
				CLANG_WARN_OBJC_LITERAL_CONVERSION = YES;
				CLANG_WARN_OBJC_ROOT_CLASS = YES_ERROR;
				CLANG_WARN_RANGE_LOOP_ANALYSIS = YES;
				CLANG_WARN_STRICT_PROTOTYPES = YES;
				CLANG_WARN_SUSPICIOUS_MOVE = YES;
				CLANG_WARN_UNGUARDED_AVAILABILITY = YES_AGGRESSIVE;
				CLANG_WARN_UNREACHABLE_CODE = YES;
				CLANG_WARN__DUPLICATE_METHOD_MATCH = YES;
				CODE_SIGN_IDENTITY = "iPhone Developer";
				COPY_PHASE_STRIP = NO;
				DEBUG_INFORMATION_FORMAT = dwarf;
				ENABLE_STRICT_OBJC_MSGSEND = YES;
				ENABLE_TESTABILITY = YES;
				GCC_C_LANGUAGE_STANDARD = gnu11;
				GCC_DYNAMIC_NO_PIC = NO;
				GCC_NO_COMMON_BLOCKS = YES;
				GCC_OPTIMIZATION_LEVEL = 0;
				GCC_PREPROCESSOR_DEFINITIONS = (
					"DEBUG=1",
					"$(inherited)",
				);
				GCC_WARN_64_TO_32_BIT_CONVERSION = YES;
				GCC_WARN_ABOUT_RETURN_TYPE = YES_ERROR;
				GCC_WARN_UNDECLARED_SELECTOR = YES;
				GCC_WARN_UNINITIALIZED_AUTOS = YES_AGGRESSIVE;
				GCC_WARN_UNUSED_FUNCTION = YES;
				GCC_WARN_UNUSED_VARIABLE = YES;
				IPHONEOS_DEPLOYMENT_TARGET = 12.0;
				MTL_ENABLE_DEBUG_INFO = INCLUDE_SOURCE;
				MTL_FAST_MATH = YES;
				ONLY_ACTIVE_ARCH = YES;
				SDKROOT = iphoneos;
				SWIFT_ACTIVE_COMPILATION_CONDITIONS = DEBUG;
				SWIFT_OPTIMIZATION_LEVEL = "-Onone";
			};
			name = Debug;
		};
		AFF3CF7C217DDB8B00FAF1BF /* Release */ = {
			isa = XCBuildConfiguration;
			buildSettings = {
				ALWAYS_SEARCH_USER_PATHS = NO;
				CLANG_ANALYZER_NONNULL = YES;
				CLANG_ANALYZER_NUMBER_OBJECT_CONVERSION = YES_AGGRESSIVE;
				CLANG_CXX_LANGUAGE_STANDARD = "gnu++14";
				CLANG_CXX_LIBRARY = "libc++";
				CLANG_ENABLE_MODULES = YES;
				CLANG_ENABLE_OBJC_ARC = YES;
				CLANG_ENABLE_OBJC_WEAK = YES;
				CLANG_WARN_BLOCK_CAPTURE_AUTORELEASING = YES;
				CLANG_WARN_BOOL_CONVERSION = YES;
				CLANG_WARN_COMMA = YES;
				CLANG_WARN_CONSTANT_CONVERSION = YES;
				CLANG_WARN_DEPRECATED_OBJC_IMPLEMENTATIONS = YES;
				CLANG_WARN_DIRECT_OBJC_ISA_USAGE = YES_ERROR;
				CLANG_WARN_DOCUMENTATION_COMMENTS = YES;
				CLANG_WARN_EMPTY_BODY = YES;
				CLANG_WARN_ENUM_CONVERSION = YES;
				CLANG_WARN_INFINITE_RECURSION = YES;
				CLANG_WARN_INT_CONVERSION = YES;
				CLANG_WARN_NON_LITERAL_NULL_CONVERSION = YES;
				CLANG_WARN_OBJC_IMPLICIT_RETAIN_SELF = YES;
				CLANG_WARN_OBJC_LITERAL_CONVERSION = YES;
				CLANG_WARN_OBJC_ROOT_CLASS = YES_ERROR;
				CLANG_WARN_RANGE_LOOP_ANALYSIS = YES;
				CLANG_WARN_STRICT_PROTOTYPES = YES;
				CLANG_WARN_SUSPICIOUS_MOVE = YES;
				CLANG_WARN_UNGUARDED_AVAILABILITY = YES_AGGRESSIVE;
				CLANG_WARN_UNREACHABLE_CODE = YES;
				CLANG_WARN__DUPLICATE_METHOD_MATCH = YES;
				CODE_SIGN_IDENTITY = "iPhone Developer";
				COPY_PHASE_STRIP = NO;
				DEBUG_INFORMATION_FORMAT = "dwarf-with-dsym";
				ENABLE_NS_ASSERTIONS = NO;
				ENABLE_STRICT_OBJC_MSGSEND = YES;
				GCC_C_LANGUAGE_STANDARD = gnu11;
				GCC_NO_COMMON_BLOCKS = YES;
				GCC_WARN_64_TO_32_BIT_CONVERSION = YES;
				GCC_WARN_ABOUT_RETURN_TYPE = YES_ERROR;
				GCC_WARN_UNDECLARED_SELECTOR = YES;
				GCC_WARN_UNINITIALIZED_AUTOS = YES_AGGRESSIVE;
				GCC_WARN_UNUSED_FUNCTION = YES;
				GCC_WARN_UNUSED_VARIABLE = YES;
				IPHONEOS_DEPLOYMENT_TARGET = 12.0;
				MTL_ENABLE_DEBUG_INFO = NO;
				MTL_FAST_MATH = YES;
				SDKROOT = iphoneos;
				SWIFT_COMPILATION_MODE = wholemodule;
				SWIFT_OPTIMIZATION_LEVEL = "-O";
				VALIDATE_PRODUCT = YES;
			};
			name = Release;
		};
		AFF3CF7E217DDB8B00FAF1BF /* Debug */ = {
			isa = XCBuildConfiguration;
			buildSettings = {
				ASSETCATALOG_COMPILER_APPICON_NAME = AppIcon;
				CODE_SIGN_STYLE = Automatic;
				DEVELOPMENT_TEAM = JS8A99VK57;
				INFOPLIST_FILE = CreateListApp/Info.plist;
				LD_RUNPATH_SEARCH_PATHS = (
					"$(inherited)",
					"@executable_path/Frameworks",
				);
				PRODUCT_BUNDLE_IDENTIFIER = hibiki.CreateListApp;
				PRODUCT_NAME = "$(TARGET_NAME)";
				SWIFT_VERSION = 4.2;
				TARGETED_DEVICE_FAMILY = "1,2";
			};
			name = Debug;
		};
		AFF3CF7F217DDB8B00FAF1BF /* Release */ = {
			isa = XCBuildConfiguration;
			buildSettings = {
				ASSETCATALOG_COMPILER_APPICON_NAME = AppIcon;
				CODE_SIGN_STYLE = Automatic;
				DEVELOPMENT_TEAM = JS8A99VK57;
				INFOPLIST_FILE = CreateListApp/Info.plist;
				LD_RUNPATH_SEARCH_PATHS = (
					"$(inherited)",
					"@executable_path/Frameworks",
				);
				PRODUCT_BUNDLE_IDENTIFIER = hibiki.CreateListApp;
				PRODUCT_NAME = "$(TARGET_NAME)";
				SWIFT_VERSION = 4.2;
				TARGETED_DEVICE_FAMILY = "1,2";
			};
			name = Release;
		};
/* End XCBuildConfiguration section */

/* Begin XCConfigurationList section */
		AFF3CF66217DDB8900FAF1BF /* Build configuration list for PBXProject "CreateListApp" */ = {
			isa = XCConfigurationList;
			buildConfigurations = (
				AFF3CF7B217DDB8B00FAF1BF /* Debug */,
				AFF3CF7C217DDB8B00FAF1BF /* Release */,
			);
			defaultConfigurationIsVisible = 0;
			defaultConfigurationName = Release;
		};
		AFF3CF7D217DDB8B00FAF1BF /* Build configuration list for PBXNativeTarget "CreateListApp" */ = {
			isa = XCConfigurationList;
			buildConfigurations = (
				AFF3CF7E217DDB8B00FAF1BF /* Debug */,
				AFF3CF7F217DDB8B00FAF1BF /* Release */,
			);
			defaultConfigurationIsVisible = 0;
			defaultConfigurationName = Release;
		};
/* End XCConfigurationList section */
	};
	rootObject = AFF3CF63217DDB8900FAF1BF /* Project object */;
}
